PODS:
  - AWSCore (2.14.2)
  - AWSPinpoint (2.14.2):
    - AWSCore (= 2.14.2)

DEPENDENCIES:
  - AWSPinpoint (from `https://github.com/aws-amplify/aws-sdk-ios.git`, branch `lawmicha/pinpoint-sdk`)

SPEC REPOS:
  trunk:
    - AWSCore

EXTERNAL SOURCES:
  AWSPinpoint:
    :branch: lawmicha/pinpoint-sdk
    :git: https://github.com/aws-amplify/aws-sdk-ios.git

CHECKOUT OPTIONS:
  AWSPinpoint:
    :commit: 6f69ce483929dda20db1f90e810fa0cfce4d7267
    :git: https://github.com/aws-amplify/aws-sdk-ios.git

SPEC CHECKSUMS:
  AWSCore: 80da498ab0979e77dbdc7690a61ceaaccfb0499a
  AWSPinpoint: ce47d17a9d67885d83276cf0ee92edfe809c007f

PODFILE CHECKSUM: d3db4f772cce62b784bd791949b96140ab4d4033

COCOAPODS: 1.9.3
